
Microsoft Visual Studio Solution File, Format Version 12.00
Project("{FAE04EC0-301F-11D3-BF4B-00C04F79EFBC}") = "ManiaStressEvaluator.Interpreter", "ManiaStressEvaluator.Interpreter\ManiaStressEvaluator.Interpreter.csproj", "{7B0A1B1B-4B91-4042-BC99-88FCA8B4BCEF}"
EndProject
Project("{FAE04EC0-301F-11D3-BF4B-00C04F79EFBC}") = "ManiaStressEvaluator.Client", "ManiaStressEvaluator.Client\ManiaStressEvaluator.Client.csproj", "{3086D26B-FA81-44F7-AE75-C0A1268DF821}"
EndProject
Project("{FAE04EC0-301F-11D3-BF4B-00C04F79EFBC}") = "ManiaStressEvaluator.Graph", "ManiaStressEvaluator.Graph\ManiaStressEvaluator.Graph.csproj", "{2BE3579E-42F4-4BC5-BFAE-A09B7CE70B56}"
EndProject
Global
	GlobalSection(SolutionConfigurationPlatforms) = preSolution
		Debug|Any CPU = Debug|Any CPU
		Release|Any CPU = Release|Any CPU
	EndGlobalSection
	GlobalSection(ProjectConfigurationPlatforms) = postSolution
		{7B0A1B1B-4B91-4042-BC99-88FCA8B4BCEF}.Debug|Any CPU.ActiveCfg = Debug|Any CPU
		{7B0A1B1B-4B91-4042-BC99-88FCA8B4BCEF}.Debug|Any CPU.Build.0 = Debug|Any CPU
		{7B0A1B1B-4B91-4042-BC99-88FCA8B4BCEF}.Release|Any CPU.ActiveCfg = Release|Any CPU
		{7B0A1B1B-4B91-4042-BC99-88FCA8B4BCEF}.Release|Any CPU.Build.0 = Release|Any CPU
		{3086D26B-FA81-44F7-AE75-C0A1268DF821}.Debug|Any CPU.ActiveCfg = Debug|Any CPU
		{3086D26B-FA81-44F7-AE75-C0A1268DF821}.Debug|Any CPU.Build.0 = Debug|Any CPU
		{3086D26B-FA81-44F7-AE75-C0A1268DF821}.Release|Any CPU.ActiveCfg = Release|Any CPU
		{3086D26B-FA81-44F7-AE75-C0A1268DF821}.Release|Any CPU.Build.0 = Release|Any CPU
		{2BE3579E-42F4-4BC5-BFAE-A09B7CE70B56}.Debug|Any CPU.ActiveCfg = Debug|Any CPU
		{2BE3579E-42F4-4BC5-BFAE-A09B7CE70B56}.Debug|Any CPU.Build.0 = Debug|Any CPU
		{2BE3579E-42F4-4BC5-BFAE-A09B7CE70B56}.Release|Any CPU.ActiveCfg = Release|Any CPU
		{2BE3579E-42F4-4BC5-BFAE-A09B7CE70B56}.Release|Any CPU.Build.0 = Release|Any CPU
	EndGlobalSection
EndGlobal
